lockfileVersion: '9.0'

settings:
  autoInstallPeers: true
  excludeLinksFromLockfile: false

importers:

  .:
    devDependencies:
      '@evilmartians/lefthook':
        specifier: ^1.10.6
        version: 1.13.6

packages:

  '@evilmartians/lefthook@1.13.6':
    resolution: {integrity: sha512-79vplrUBWL4Fkt59YkEBdSpqBVhNrY8t5+jEp+wX5QbsmbQLcSULqwS7FmbNRyECa2LWMrUWpe6ENIfNwB4jiw==}
    cpu: [x64, arm64, ia32]
    os: [darwin, linux, win32]
    hasBin: true

snapshots:

  '@evilmartians/lefthook@1.13.6': {}
